
Microsoft Visual Studio Solution File, Format Version 12.00
# Visual Studio Version 17
VisualStudioVersion = 17.12.35707.178 d17.12
MinimumVisualStudioVersion = 10.0.40219.1
Project("{FAE04EC0-301F-11D3-BF4B-00C04F79EFBC}") = "Day_01.Server", "Day_01.Server\Day_01.Server.csproj", "{4EFC478B-76BB-47ED-86C2-E04280BEDFDC}"
EndProject
Project("{54A90642-561A-4BB1-A94E-469ADEE60C69}") = "day_01.client", "day_01.client\day_01.client.esproj", "{F467EB82-166F-40B5-BC6A-82B3744D7BD6}"
EndProject
Global
	GlobalSection(SolutionConfigurationPlatforms) = preSolution
		Debug|Any CPU = Debug|Any CPU
		Release|Any CPU = Release|Any CPU
	EndGlobalSection
	GlobalSection(ProjectConfigurationPlatforms) = postSolution
		{4EFC478B-76BB-47ED-86C2-E04280BEDFDC}.Debug|Any CPU.ActiveCfg = Debug|Any CPU
		{4EFC478B-76BB-47ED-86C2-E04280BEDFDC}.Debug|Any CPU.Build.0 = Debug|Any CPU
		{4EFC478B-76BB-47ED-86C2-E04280BEDFDC}.Release|Any CPU.ActiveCfg = Release|Any CPU
		{4EFC478B-76BB-47ED-86C2-E04280BEDFDC}.Release|Any CPU.Build.0 = Release|Any CPU
		{F467EB82-166F-40B5-BC6A-82B3744D7BD6}.Debug|Any CPU.ActiveCfg = Debug|Any CPU
		{F467EB82-166F-40B5-BC6A-82B3744D7BD6}.Debug|Any CPU.Build.0 = Debug|Any CPU
		{F467EB82-166F-40B5-BC6A-82B3744D7BD6}.Debug|Any CPU.Deploy.0 = Debug|Any CPU
		{F467EB82-166F-40B5-BC6A-82B3744D7BD6}.Release|Any CPU.ActiveCfg = Release|Any CPU
		{F467EB82-166F-40B5-BC6A-82B3744D7BD6}.Release|Any CPU.Build.0 = Release|Any CPU
		{F467EB82-166F-40B5-BC6A-82B3744D7BD6}.Release|Any CPU.Deploy.0 = Release|Any CPU
	EndGlobalSection
	GlobalSection(SolutionProperties) = preSolution
		HideSolutionNode = FALSE
	EndGlobalSection
EndGlobal
